{
  "version": "5",
  "specifiers": {
    "npm:@doist/todoist-api-typescript@3.0.2": "3.0.2_axios@1.13.2",
    "npm:@doist/todoist-api-typescript@6.1.10": "6.1.10_type-fest@4.41.0",
    "npm:@types/node@*": "22.15.15"
  },
  "npm": {
    "@babel/runtime@7.28.4": {
      "integrity": "sha512-Q/N6JNWvIvPnLDvjlE1OUBLPQHH6l3CltCEsHIujp45zQUSSh8K+gHnaEX45yAT1nyngnINhvWtzN+Nb9D8RAQ=="
    },
    "@doist/todoist-api-typescript@3.0.2_axios@1.13.2": {
      "integrity": "sha512-iGmnGySb+UYstalJ5s337mrAKN4O8iy7D9qmQUJwkBCUuMhvoxqdljgwFgWIJx9sW1CMr3B/K+4b3nZN1LwPxA==",
      "dependencies": [
        "axios",
        "axios-case-converter",
        "axios-retry",
        "runtypes",
        "ts-custom-error",
        "uuid@9.0.1"
      ]
    },
    "@doist/todoist-api-typescript@6.1.10_type-fest@4.41.0": {
      "integrity": "sha512-MUowek2dUkP6pJVirzwpp6ZLNdtAm//V997GzQ+YvDiKaGdiFXRDhh0A8dASvj6xRlWvLv69kjExMa8tMX/rDg==",
      "dependencies": [
        "camelcase",
        "emoji-regex",
        "form-data@4.0.4",
        "ts-custom-error",
        "type-fest",
        "uuid@11.1.0",
        "zod"
      ]
    },
    "@types/node@22.15.15": {
      "integrity": "sha512-R5muMcZob3/Jjchn5LcO8jdKwSCbzqmPB6ruBxMcf9kbxtniZHP327s6C37iOfuw8mbKK3cAQa7sEl7afLrQ8A==",
      "dependencies": [
        "undici-types"
      ]
    },
    "asynckit@0.4.0": {
      "integrity": "sha512-Oei9OH4tRh0YqU3GxhX79dM/mwVgvbZJaSNaRk+bshkj0S5cfHcgYakreBjrHwatXKbz+IoIdYLxrKim2MjW0Q=="
    },
    "axios-case-converter@1.1.1_axios@1.13.2": {
      "integrity": "sha512-v13pB7cYryh/7f4TKxN/gniD2hwqPQcjip29Hk3J9iwsnA37Rht2Hkn5VyrxynxlKdMNSIfGk6I9D6G28oTRyQ==",
      "dependencies": [
        "axios",
        "camel-case",
        "header-case",
        "snake-case",
        "tslib"
      ]
    },
    "axios-retry@3.9.1": {
      "integrity": "sha512-8PJDLJv7qTTMMwdnbMvrLYuvB47M81wRtxQmEdV5w4rgbTXTt+vtPkXwajOfOdSyv/wZICJOC+/UhXH4aQ/R+w==",
      "dependencies": [
        "@babel/runtime",
        "is-retry-allowed"
      ]
    },
    "axios@1.13.2": {
      "integrity": "sha512-VPk9ebNqPcy5lRGuSlKx752IlDatOjT9paPlm8A7yOuW2Fbvp4X3JznJtT4f0GzGLLiWE9W8onz51SqLYwzGaA==",
      "dependencies": [
        "follow-redirects",
        "form-data@4.0.5",
        "proxy-from-env"
      ]
    },
    "call-bind-apply-helpers@1.0.2": {
      "integrity": "sha512-Sp1ablJ0ivDkSzjcaJdxEunN5/XvksFJ2sMBFfq6x0ryhQV/2b/KwFe21cMpmHtPOSij8K99/wSfoEuTObmuMQ==",
      "dependencies": [
        "es-errors",
        "function-bind"
      ]
    },
    "camel-case@4.1.2": {
      "integrity": "sha512-gxGWBrTT1JuMx6R+o5PTXMmUnhnVzLQ9SNutD4YqKtI6ap897t3tKECYla6gCWEkplXnlNybEkZg9GEGxKFCgw==",
      "dependencies": [
        "pascal-case",
        "tslib"
      ]
    },
    "camelcase@6.3.0": {
      "integrity": "sha512-Gmy6FhYlCY7uOElZUSbxo2UCDH8owEk996gkbrpsgGtrJLM3J7jGxl9Ic7Qwwj4ivOE5AWZWRMecDdF7hqGjFA=="
    },
    "capital-case@1.0.4": {
      "integrity": "sha512-ds37W8CytHgwnhGGTi88pcPyR15qoNkOpYwmMMfnWqqWgESapLqvDx6huFjQ5vqWSn2Z06173XNA7LtMOeUh1A==",
      "dependencies": [
        "no-case",
        "tslib",
        "upper-case-first"
      ]
    },
    "combined-stream@1.0.8": {
      "integrity": "sha512-FQN4MRfuJeHf7cBbBMJFXhKSDq+2kAArBlmRBvcvFE5BB1HZKXtSFASDhdlz9zOYwxh8lDdnvmMOe/+5cdoEdg==",
      "dependencies": [
        "delayed-stream"
      ]
    },
    "delayed-stream@1.0.0": {
      "integrity": "sha512-ZySD7Nf91aLB0RxL4KGrKHBXl7Eds1DAmEdcoVawXnLD7SDhpNgtuII2aAkg7a7QS41jxPSZ17p4VdGnMHk3MQ=="
    },
    "dot-case@3.0.4": {
      "integrity": "sha512-Kv5nKlh6yRrdrGvxeJ2e5y2eRUpkUosIW4A2AS38zwSz27zu7ufDwQPi5Jhs3XAlGNetl3bmnGhQsMtkKJnj3w==",
      "dependencies": [
        "no-case",
        "tslib"
      ]
    },
    "dunder-proto@1.0.1": {
      "integrity": "sha512-KIN/nDJBQRcXw0MLVhZE9iQHmG68qAVIBg9CqmUYjmQIhgij9U5MFvrqkUL5FbtyyzZuOeOt0zdeRe4UY7ct+A==",
      "dependencies": [
        "call-bind-apply-helpers",
        "es-errors",
        "gopd"
      ]
    },
    "emoji-regex@10.6.0": {
      "integrity": "sha512-toUI84YS5YmxW219erniWD0CIVOo46xGKColeNQRgOzDorgBi1v4D71/OFzgD9GO2UGKIv1C3Sp8DAn0+j5w7A=="
    },
    "es-define-property@1.0.1": {
      "integrity": "sha512-e3nRfgfUZ4rNGL232gUgX06QNyyez04KdjFrF+LTRoOXmrOgFKDg4BCdsjW8EnT69eqdYGmRpJwiPVYNrCaW3g=="
    },
    "es-errors@1.3.0": {
      "integrity": "sha512-Zf5H2Kxt2xjTvbJvP2ZWLEICxA6j+hAmMzIlypy4xcBg1vKVnx89Wy0GbS+kf5cwCVFFzdCFh2XSCFNULS6csw=="
    },
    "es-object-atoms@1.1.1": {
      "integrity": "sha512-FGgH2h8zKNim9ljj7dankFPcICIK9Cp5bm+c2gQSYePhpaG5+esrLODihIorn+Pe6FGJzWhXQotPv73jTaldXA==",
      "dependencies": [
        "es-errors"
      ]
    },
    "es-set-tostringtag@2.1.0": {
      "integrity": "sha512-j6vWzfrGVfyXxge+O0x5sh6cvxAog0a/4Rdd2K36zCMV5eJ+/+tOAngRO8cODMNWbVRdVlmGZQL2YS3yR8bIUA==",
      "dependencies": [
        "es-errors",
        "get-intrinsic",
        "has-tostringtag",
        "hasown"
      ]
    },
    "follow-redirects@1.15.11": {
      "integrity": "sha512-deG2P0JfjrTxl50XGCDyfI97ZGVCxIpfKYmfyrQ54n5FO/0gfIES8C/Psl6kWVDolizcaaxZJnTS0QSMxvnsBQ=="
    },
    "form-data@4.0.4": {
      "integrity": "sha512-KrGhL9Q4zjj0kiUt5OO4Mr/A/jlI2jDYs5eHBpYHPcBEVSiipAvn2Ko2HnPe20rmcuuvMHNdZFp+4IlGTMF0Ow==",
      "dependencies": [
        "asynckit",
        "combined-stream",
        "es-set-tostringtag",
        "hasown",
        "mime-types"
      ]
    },
    "form-data@4.0.5": {
      "integrity": "sha512-8RipRLol37bNs2bhoV67fiTEvdTrbMUYcFTiy3+wuuOnUog2QBHCZWXDRijWQfAkhBj2Uf5UnVaiWwA5vdd82w==",
      "dependencies": [
        "asynckit",
        "combined-stream",
        "es-set-tostringtag",
        "hasown",
        "mime-types"
      ]
    },
    "function-bind@1.1.2": {
      "integrity": "sha512-7XHNxH7qX9xG5mIwxkhumTox/MIRNcOgDrxWsMt2pAr23WHp6MrRlN7FBSFpCpr+oVO0F744iUgR82nJMfG2SA=="
    },
    "get-intrinsic@1.3.0": {
      "integrity": "sha512-9fSjSaos/fRIVIp+xSJlE6lfwhES7LNtKaCBIamHsjr2na1BiABJPo0mOjjz8GJDURarmCPGqaiVg5mfjb98CQ==",
      "dependencies": [
        "call-bind-apply-helpers",
        "es-define-property",
        "es-errors",
        "es-object-atoms",
        "function-bind",
        "get-proto",
        "gopd",
        "has-symbols",
        "hasown",
        "math-intrinsics"
      ]
    },
    "get-proto@1.0.1": {
      "integrity": "sha512-sTSfBjoXBp89JvIKIefqw7U2CCebsc74kiY6awiGogKtoSGbgjYE/G/+l9sF3MWFPNc9IcoOC4ODfKHfxFmp0g==",
      "dependencies": [
        "dunder-proto",
        "es-object-atoms"
      ]
    },
    "gopd@1.2.0": {
      "integrity": "sha512-ZUKRh6/kUFoAiTAtTYPZJ3hw9wNxx+BIBOijnlG9PnrJsCcSjs1wyyD6vJpaYtgnzDrKYRSqf3OO6Rfa93xsRg=="
    },
    "has-symbols@1.1.0": {
      "integrity": "sha512-1cDNdwJ2Jaohmb3sg4OmKaMBwuC48sYni5HUw2DvsC8LjGTLK9h+eb1X6RyuOHe4hT0ULCW68iomhjUoKUqlPQ=="
    },
    "has-tostringtag@1.0.2": {
      "integrity": "sha512-NqADB8VjPFLM2V0VvHUewwwsw0ZWBaIdgo+ieHtK3hasLz4qeCRjYcqfB6AQrBggRKppKF8L52/VqdVsO47Dlw==",
      "dependencies": [
        "has-symbols"
      ]
    },
    "hasown@2.0.2": {
      "integrity": "sha512-0hJU9SCPvmMzIBdZFqNPXWa6dqh7WdH0cII9y+CyS8rG3nL48Bclra9HmKhVVUHyPWNH5Y7xDwAB7bfgSjkUMQ==",
      "dependencies": [
        "function-bind"
      ]
    },
    "header-case@2.0.4": {
      "integrity": "sha512-H/vuk5TEEVZwrR0lp2zed9OCo1uAILMlx0JEMgC26rzyJJ3N1v6XkwHHXJQdR2doSjcGPM6OKPYoJgf0plJ11Q==",
      "dependencies": [
        "capital-case",
        "tslib"
      ]
    },
    "is-retry-allowed@2.2.0": {
      "integrity": "sha512-XVm7LOeLpTW4jV19QSH38vkswxoLud8sQ57YwJVTPWdiaI9I8keEhGFpBlslyVsgdQy4Opg8QOLb8YRgsyZiQg=="
    },
    "lower-case@2.0.2": {
      "integrity": "sha512-7fm3l3NAF9WfN6W3JOmf5drwpVqX78JtoGJ3A6W0a6ZnldM41w2fV5D490psKFTpMds8TJse/eHLFFsNHHjHgg==",
      "dependencies": [
        "tslib"
      ]
    },
    "math-intrinsics@1.1.0": {
      "integrity": "sha512-/IXtbwEk5HTPyEwyKX6hGkYXxM9nbj64B+ilVJnC/R6B0pH5G4V3b0pVbL7DBj4tkhBAppbQUlf6F6Xl9LHu1g=="
    },
    "mime-db@1.52.0": {
      "integrity": "sha512-sPU4uV7dYlvtWJxwwxHD0PuihVNiE7TyAbQ5SWxDCB9mUYvOgroQOwYQQOKPJ8CIbE+1ETVlOoK1UC2nU3gYvg=="
    },
    "mime-types@2.1.35": {
      "integrity": "sha512-ZDY+bPm5zTTF+YpCrAU9nK0UgICYPT0QtT1NZWFv4s++TNkcgVaT0g6+4R2uI4MjQjzysHB1zxuWL50hzaeXiw==",
      "dependencies": [
        "mime-db"
      ]
    },
    "no-case@3.0.4": {
      "integrity": "sha512-fgAN3jGAh+RoxUGZHTSOLJIqUc2wmoBwGR4tbpNAKmmovFoWq0OdRkb0VkldReO2a2iBT/OEulG9XSUc10r3zg==",
      "dependencies": [
        "lower-case",
        "tslib"
      ]
    },
    "pascal-case@3.1.2": {
      "integrity": "sha512-uWlGT3YSnK9x3BQJaOdcZwrnV6hPpd8jFH1/ucpiLRPh/2zCVJKS19E4GvYHvaCcACn3foXZ0cLB9Wrx1KGe5g==",
      "dependencies": [
        "no-case",
        "tslib"
      ]
    },
    "proxy-from-env@1.1.0": {
      "integrity": "sha512-D+zkORCbA9f1tdWRK0RaCR3GPv50cMxcrz4X8k5LTSUD1Dkw47mKJEZQNunItRTkWwgtaUSo1RVFRIG9ZXiFYg=="
    },
    "runtypes@6.7.0": {
      "integrity": "sha512-3TLdfFX8YHNFOhwHrSJza6uxVBmBrEjnNQlNXvXCdItS0Pdskfg5vVXUTWIN+Y23QR09jWpSl99UHkA83m4uWA=="
    },
    "snake-case@3.0.4": {
      "integrity": "sha512-LAOh4z89bGQvl9pFfNF8V146i7o7/CqFPbqzYgP+yYzDIDeS9HaNFtXABamRW+AQzEVODcvE79ljJ+8a9YSdMg==",
      "dependencies": [
        "dot-case",
        "tslib"
      ]
    },
    "ts-custom-error@3.3.1": {
      "integrity": "sha512-5OX1tzOjxWEgsr/YEUWSuPrQ00deKLh6D7OTWcvNHm12/7QPyRh8SYpyWvA4IZv8H/+GQWQEh/kwo95Q9OVW1A=="
    },
    "tslib@2.8.1": {
      "integrity": "sha512-oJFu94HQb+KVduSUQL7wnpmqnfmLsOA/nAh6b6EH0wCEoK0/mPeXU6c3wKDV83MkOuHPRHtSXKKU99IBazS/2w=="
    },
    "type-fest@4.41.0": {
      "integrity": "sha512-TeTSQ6H5YHvpqVwBRcnLDCBnDOHWYu7IvGbHT6N8AOymcr9PJGjc1GTtiWZTYg0NCgYwvnYWEkVChQAr9bjfwA=="
    },
    "undici-types@6.21.0": {
      "integrity": "sha512-iwDZqg0QAGrg9Rav5H4n0M64c3mkR59cJ6wQp+7C4nI0gsmExaedaYLNO44eT4AtBBwjbTiGPMlt2Md0T9H9JQ=="
    },
    "upper-case-first@2.0.2": {
      "integrity": "sha512-514ppYHBaKwfJRK/pNC6c/OxfGa0obSnAl106u97Ed0I625Nin96KAjttZF6ZL3e1XLtphxnqrOi9iWgm+u+bg==",
      "dependencies": [
        "tslib"
      ]
    },
    "uuid@11.1.0": {
      "integrity": "sha512-0/A9rDy9P7cJ+8w1c9WD9V//9Wj15Ce2MPz8Ri6032usz+NfePxx5AcN3bN+r6ZL6jEo066/yNYB3tn4pQEx+A==",
      "bin": true
    },
    "uuid@9.0.1": {
      "integrity": "sha512-b+1eJOlsR9K8HJpow9Ok3fiWOWSIcIzXodvv0rQjVoOVNpWMpxf1wZNpt4y9h10odCNrqnYp1OBzRktckBe3sA==",
      "bin": true
    },
    "zod@4.1.12": {
      "integrity": "sha512-JInaHOamG8pt5+Ey8kGmdcAcg3OL9reK8ltczgHTAwNhMys/6ThXHityHxVV2p3fkw/c+MAvBHFVYHFZDmjMCQ=="
    }
  },
  "redirects": {
    "https://esm.sh/@types/combined-stream@~1.0.6/index.d.ts": "https://esm.sh/@types/combined-stream@1.0.6/index.d.ts",
    "https://esm.sh/@types/debug@~4.1.12/index.d.ts": "https://esm.sh/@types/debug@4.1.12/index.d.ts",
    "https://esm.sh/@types/follow-redirects@~1.14.4/index.d.ts": "https://esm.sh/@types/follow-redirects@1.14.4/index.d.ts",
    "https://esm.sh/@types/mime-types@~2.1.4/index.d.ts": "https://esm.sh/@types/mime-types@2.1.4/index.d.ts",
    "https://esm.sh/@types/proxy-from-env@~1.0.4/index.d.ts": "https://esm.sh/@types/proxy-from-env@1.0.4/index.d.ts",
    "https://esm.sh/@types/uuid@~9.0.8/index.d.mts": "https://esm.sh/@types/uuid@9.0.8/index.d.mts",
    "https://esm.sh/asynckit@^0.4.0?target=denonext": "https://esm.sh/asynckit@0.4.0?target=denonext",
    "https://esm.sh/axios-case-converter@^1.0.0?target=denonext": "https://esm.sh/axios-case-converter@1.1.1?target=denonext",
    "https://esm.sh/axios-retry@^3.1.9?target=denonext": "https://esm.sh/axios-retry@3.9.1?target=denonext",
    "https://esm.sh/axios@^1.0.0?target=denonext": "https://esm.sh/axios@1.10.0?target=denonext",
    "https://esm.sh/axios@^1.10.0?target=denonext": "https://esm.sh/axios@1.10.0?target=denonext",
    "https://esm.sh/camel-case@^4.1.1?target=denonext": "https://esm.sh/camel-case@4.1.2?target=denonext",
    "https://esm.sh/capital-case@^1.0.4?target=denonext": "https://esm.sh/capital-case@1.0.4?target=denonext",
    "https://esm.sh/combined-stream@^1.0.8?target=denonext": "https://esm.sh/combined-stream@1.0.8?target=denonext",
    "https://esm.sh/debug?target=denonext": "https://esm.sh/debug@4.4.1?target=denonext",
    "https://esm.sh/delayed-stream@~1.0.0?target=denonext": "https://esm.sh/delayed-stream@1.0.0?target=denonext",
    "https://esm.sh/dot-case@^3.0.4?target=denonext": "https://esm.sh/dot-case@3.0.4?target=denonext",
    "https://esm.sh/follow-redirects@^1.15.6?target=denonext": "https://esm.sh/follow-redirects@1.15.9?target=denonext",
    "https://esm.sh/form-data@^4.0.0?target=denonext": "https://esm.sh/form-data@4.0.3?target=denonext",
    "https://esm.sh/header-case@^2.0.3?target=denonext": "https://esm.sh/header-case@2.0.4?target=denonext",
    "https://esm.sh/is-retry-allowed@^2.2.0?target=denonext": "https://esm.sh/is-retry-allowed@2.2.0?target=denonext",
    "https://esm.sh/lower-case@^2.0.2?target=denonext": "https://esm.sh/lower-case@2.0.2?target=denonext",
    "https://esm.sh/mime-types@^2.1.12?target=denonext": "https://esm.sh/mime-types@2.1.35?target=denonext",
    "https://esm.sh/ms@^2.1.3?target=denonext": "https://esm.sh/ms@2.1.3?target=denonext",
    "https://esm.sh/no-case@^3.0.4?target=denonext": "https://esm.sh/no-case@3.0.4?target=denonext",
    "https://esm.sh/pascal-case@^3.1.2?target=denonext": "https://esm.sh/pascal-case@3.1.2?target=denonext",
    "https://esm.sh/proxy-from-env@^1.1.0?target=denonext": "https://esm.sh/proxy-from-env@1.1.0?target=denonext",
    "https://esm.sh/runtypes@^6.5.0?target=denonext": "https://esm.sh/runtypes@6.7.0?target=denonext",
    "https://esm.sh/snake-case@^3.0.3?target=denonext": "https://esm.sh/snake-case@3.0.4?target=denonext",
    "https://esm.sh/supports-color?target=denonext": "https://esm.sh/supports-color@10.0.0?target=denonext",
    "https://esm.sh/ts-custom-error@^3.2.0?target=denonext": "https://esm.sh/ts-custom-error@3.3.1?target=denonext",
    "https://esm.sh/tslib@^2.0.3?target=denonext": "https://esm.sh/tslib@2.8.1?target=denonext",
    "https://esm.sh/tslib@^2.3.0?target=denonext": "https://esm.sh/tslib@2.8.1?target=denonext",
    "https://esm.sh/upper-case-first@^2.0.2?target=denonext": "https://esm.sh/upper-case-first@2.0.2?target=denonext",
    "https://esm.sh/uuid@^9.0.0?target=denonext": "https://esm.sh/uuid@9.0.1?target=denonext"
  },
  "remote": {
    "https://deno.land/std@0.150.0/media_types/_util.ts": "ce9b4fc4ba1c447dafab619055e20fd88236ca6bdd7834a21f98bd193c3fbfa1",
    "https://deno.land/std@0.150.0/media_types/mod.ts": "2d4b6f32a087029272dc59e0a55ae3cc4d1b27b794ccf528e94b1925795b3118",
    "https://deno.land/std@0.150.0/media_types/vendor/mime-db.v1.52.0.ts": "724cee25fa40f1a52d3937d6b4fbbfdd7791ff55e1b7ac08d9319d5632c7f5af",
    "https://deno.land/std@0.208.0/assert/_constants.ts": "8a9da298c26750b28b326b297316cdde860bc237533b07e1337c021379e6b2a9",
    "https://deno.land/std@0.208.0/assert/_diff.ts": "58e1461cc61d8eb1eacbf2a010932bf6a05b79344b02ca38095f9b805795dc48",
    "https://deno.land/std@0.208.0/assert/_format.ts": "a69126e8a469009adf4cf2a50af889aca364c349797e63174884a52ff75cf4c7",
    "https://deno.land/std@0.208.0/assert/assert.ts": "9a97dad6d98c238938e7540736b826440ad8c1c1e54430ca4c4e623e585607ee",
    "https://deno.land/std@0.208.0/assert/assert_almost_equals.ts": "e15ca1f34d0d5e0afae63b3f5d975cbd18335a132e42b0c747d282f62ad2cd6c",
    "https://deno.land/std@0.208.0/assert/assert_array_includes.ts": "6856d7f2c3544bc6e62fb4646dfefa3d1df5ff14744d1bca19f0cbaf3b0d66c9",
    "https://deno.land/std@0.208.0/assert/assert_equals.ts": "d8ec8a22447fbaf2fc9d7c3ed2e66790fdb74beae3e482855d75782218d68227",
    "https://deno.land/std@0.208.0/assert/assert_exists.ts": "407cb6b9fb23a835cd8d5ad804e2e2edbbbf3870e322d53f79e1c7a512e2efd7",
    "https://deno.land/std@0.208.0/assert/assert_false.ts": "0ccbcaae910f52c857192ff16ea08bda40fdc79de80846c206bfc061e8c851c6",
    "https://deno.land/std@0.208.0/assert/assert_greater.ts": "ae2158a2d19313bf675bf7251d31c6dc52973edb12ac64ac8fc7064152af3e63",
    "https://deno.land/std@0.208.0/assert/assert_greater_or_equal.ts": "1439da5ebbe20855446cac50097ac78b9742abe8e9a43e7de1ce1426d556e89c",
    "https://deno.land/std@0.208.0/assert/assert_instance_of.ts": "3aedb3d8186e120812d2b3a5dea66a6e42bf8c57a8bd927645770bd21eea554c",
    "https://deno.land/std@0.208.0/assert/assert_is_error.ts": "c21113094a51a296ffaf036767d616a78a2ae5f9f7bbd464cd0197476498b94b",
    "https://deno.land/std@0.208.0/assert/assert_less.ts": "aec695db57db42ec3e2b62e97e1e93db0063f5a6ec133326cc290ff4b71b47e4",
    "https://deno.land/std@0.208.0/assert/assert_less_or_equal.ts": "5fa8b6a3ffa20fd0a05032fe7257bf985d207b85685fdbcd23651b70f928c848",
    "https://deno.land/std@0.208.0/assert/assert_match.ts": "c4083f80600bc190309903c95e397a7c9257ff8b5ae5c7ef91e834704e672e9b",
    "https://deno.land/std@0.208.0/assert/assert_not_equals.ts": "9f1acab95bd1f5fc9a1b17b8027d894509a745d91bac1718fdab51dc76831754",
    "https://deno.land/std@0.208.0/assert/assert_not_instance_of.ts": "0c14d3dfd9ab7a5276ed8ed0b18c703d79a3d106102077ec437bfe7ed912bd22",
    "https://deno.land/std@0.208.0/assert/assert_not_match.ts": "3796a5b0c57a1ce6c1c57883dd4286be13a26f715ea662318ab43a8491a13ab0",
    "https://deno.land/std@0.208.0/assert/assert_not_strict_equals.ts": "4cdef83df17488df555c8aac1f7f5ec2b84ad161b6d0645ccdbcc17654e80c99",
    "https://deno.land/std@0.208.0/assert/assert_object_match.ts": "d8fc2867cfd92eeacf9cea621e10336b666de1874a6767b5ec48988838370b54",
    "https://deno.land/std@0.208.0/assert/assert_rejects.ts": "45c59724de2701e3b1f67c391d6c71c392363635aad3f68a1b3408f9efca0057",
    "https://deno.land/std@0.208.0/assert/assert_strict_equals.ts": "b1f538a7ea5f8348aeca261d4f9ca603127c665e0f2bbfeb91fa272787c87265",
    "https://deno.land/std@0.208.0/assert/assert_string_includes.ts": "b821d39ebf5cb0200a348863c86d8c4c4b398e02012ce74ad15666fc4b631b0c",
    "https://deno.land/std@0.208.0/assert/assert_throws.ts": "63784e951475cb7bdfd59878cd25a0931e18f6dc32a6077c454b2cd94f4f4bcd",
    "https://deno.land/std@0.208.0/assert/assertion_error.ts": "4d0bde9b374dfbcbe8ac23f54f567b77024fb67dbb1906a852d67fe050d42f56",
    "https://deno.land/std@0.208.0/assert/equal.ts": "9f1a46d5993966d2596c44e5858eec821859b45f783a5ee2f7a695dfc12d8ece",
    "https://deno.land/std@0.208.0/assert/fail.ts": "c36353d7ae6e1f7933d45f8ea51e358c8c4b67d7e7502028598fe1fea062e278",
    "https://deno.land/std@0.208.0/assert/mod.ts": "37c49a26aae2b254bbe25723434dc28cd7532e444cf0b481a97c045d110ec085",
    "https://deno.land/std@0.208.0/assert/unimplemented.ts": "d56fbeecb1f108331a380f72e3e010a1f161baa6956fd0f7cf3e095ae1a4c75a",
    "https://deno.land/std@0.208.0/assert/unreachable.ts": "4600dc0baf7d9c15a7f7d234f00c23bca8f3eba8b140286aaca7aa998cf9a536",
    "https://deno.land/std@0.208.0/fmt/colors.ts": "34b3f77432925eb72cf0bfb351616949746768620b8e5ead66da532f93d10ba2",
    "https://deno.land/x/xhr@0.3.0/mod.ts": "094aacd627fd9635cd942053bf8032b5223b909858fa9dc8ffa583752ff63b20",
    "https://esm.sh/@doist/todoist-api-typescript@3.0.2": "a50d92a8c7414b92882b4dc00177a25f5ade271c2c497e2579d647bf81ac7f57",
    "https://esm.sh/@doist/todoist-api-typescript@3.0.2/denonext/todoist-api-typescript.mjs": "4e5bfcdbe042dbc49c1b4e1759b1ffc7d21b2592e5dec4045e197ee291ef1321",
    "https://esm.sh/asynckit@0.4.0/denonext/asynckit.mjs": "4ef3be6eb52c104699b90ca5524db55ec15bc76b361432f05c16b6106279ba72",
    "https://esm.sh/asynckit@0.4.0?target=denonext": "c6bd8832d6d16b648e22d124a16d33c3a7f7076e92be9444f2e4f6b27545708d",
    "https://esm.sh/axios-case-converter@1.1.1/denonext/axios-case-converter.mjs": "4354fd058d69a0347ad963e11091b1eccc29979ae9088eaca1b4e85c22993d81",
    "https://esm.sh/axios-case-converter@1.1.1?target=denonext": "806db995c7c8e4af4385c6a8afe911f22ad134bca69ca355ced13bd7340714a4",
    "https://esm.sh/axios-retry@3.9.1/denonext/axios-retry.mjs": "e7d2743c9a0d1ae5ee69095007cc9acca20777aed4067f7afaf7fda1171aaaf0",
    "https://esm.sh/axios-retry@3.9.1?target=denonext": "2b0f09ed1b000f7e122d40fcdd604f877594113d8c3661dd2a96ccef28ec87d2",
    "https://esm.sh/axios@1.10.0/denonext/axios.mjs": "a8993031ba06173add12b9a3d0b1318f490468f41fcb9f642317f2f927a5c465",
    "https://esm.sh/axios@1.10.0/denonext/lib/adapters/http.mjs": "ef4928df59566e742743123022bd42da19499a6778350b3373a55699da0b001d",
    "https://esm.sh/axios@1.10.0/denonext/lib/adapters/xhr.mjs": "a301960702c95a8263a7a2f50f6fd8fa9bfe3287ed2d2ebcbdd11bf89707f699",
    "https://esm.sh/axios@1.10.0/denonext/unsafe/core/buildFullPath.mjs": "51ffb69802fba1e9fe6d8db72cf9884f07ae263ed2f28510177f65b33a786c50",
    "https://esm.sh/axios@1.10.0/denonext/unsafe/core/settle.mjs": "298bd0e29d602693ad801c0673780d2840d58756982cefa2a97d39b86d67b442",
    "https://esm.sh/axios@1.10.0/denonext/unsafe/helpers/buildURL.mjs": "7cbb80025943be00f0f313d08765b79975edb8252a496ca9b37764ca416ffac2",
    "https://esm.sh/axios@1.10.0/denonext/unsafe/helpers/combineURLs.mjs": "6ac54825e73af9d24594c93ba420a2288732d87fe3815414dcd12e0ce9e1f6e8",
    "https://esm.sh/axios@1.10.0/denonext/unsafe/helpers/isAbsoluteURL.mjs": "3b16ae96b46549ad97e0976b267915b843b327f86a5743fe84e053053d356861",
    "https://esm.sh/axios@1.10.0/denonext/unsafe/utils.mjs": "2ae787c82742dd9564d57b450e9fd9fb625311ae310c84a55d2f3c6fcdb4a88d",
    "https://esm.sh/axios@1.10.0?target=denonext": "5f1ae4623f6af8f16820c643a59ea6999363249a6f1e649aaa254761dd311c60",
    "https://esm.sh/camel-case@4.1.2/denonext/camel-case.mjs": "3625cd27cc9896ea24c6a30e7671b57b7e9f61d22467cc57813d8f90ac534ffc",
    "https://esm.sh/camel-case@4.1.2?target=denonext": "ca7ae3fb2b72faba7714f6c148019e61b984ef6f4c0a9d5f1339d18bcb94f8c3",
    "https://esm.sh/capital-case@1.0.4/denonext/capital-case.mjs": "6f2dc2de67ce55eef1cd2793e9ca1e4eec79f8a3b271cf16efbd85ab052b8ccc",
    "https://esm.sh/capital-case@1.0.4?target=denonext": "6c4be2d6c944f543b7943f70a6fc7bffdf7786edec77c93e27ed02579ac2c3ce",
    "https://esm.sh/combined-stream@1.0.8/denonext/combined-stream.mjs": "364b91aa4c33e5f0b4075949d93a3407b21a8695031e7c2be29999d588f9ca2c",
    "https://esm.sh/combined-stream@1.0.8?target=denonext": "a0c89b8b29494e966774c7a708e33cc2df16a0bbe2279c841d088e169e7ab3c4",
    "https://esm.sh/debug@4.4.1/denonext/debug.mjs": "f4ead1d2ba56c04c08e42abe96388337ddb17a197c16a7d896442b4fcb4d643e",
    "https://esm.sh/debug@4.4.1?target=denonext": "3c77699e6583e2c743e63bc0571647b963f1c82282b970df992b59fa585d76eb",
    "https://esm.sh/delayed-stream@1.0.0/denonext/delayed-stream.mjs": "051a3501b7b3d3c593b78a2c7305093a8e363c518cd156f1a77117185e312abe",
    "https://esm.sh/delayed-stream@1.0.0?target=denonext": "d363b81e01f4c886114df14aa660c1a938bbb4be851ff12132260bed0db6126e",
    "https://esm.sh/dot-case@3.0.4/denonext/dot-case.mjs": "d9762d8ce7e079fb56f48b79e476b07be8a0bcb768fcfd2af46e4937fea9e561",
    "https://esm.sh/dot-case@3.0.4?target=denonext": "df05a5237bf8cacfcf162702362f4abf94e27454294ca436dbc51695d3507b60",
    "https://esm.sh/follow-redirects@1.15.9/denonext/follow-redirects.mjs": "90866d22d80eface74d3161906835600fbb1d5c9ded05dc72fd55b40960cfce7",
    "https://esm.sh/follow-redirects@1.15.9?target=denonext": "c8028ec9d980a1974362377614a4978d1556ba85a75bc32526e8917bede535d1",
    "https://esm.sh/form-data@4.0.3/denonext/form-data.mjs": "eb4fd6cd27a4932196135be5990658ea78cdd7b24672e1e57ea6f2bd796bb6e7",
    "https://esm.sh/form-data@4.0.3?target=denonext": "01c432fc6a8d8fb56f3b32e4c50972e9289835ea71b3a5b7677a3bb693ac284a",
    "https://esm.sh/header-case@2.0.4/denonext/header-case.mjs": "c62ea0dbaced3c801a0fc6f83933b97a969def1ef9fe9a2c5ec899a05b604de1",
    "https://esm.sh/header-case@2.0.4?target=denonext": "fb440233d84b3af5721782c1c74364fae41e0c56fd8de77329d5329c97cd51f0",
    "https://esm.sh/is-retry-allowed@2.2.0/denonext/is-retry-allowed.mjs": "99b2d3b2c6857d5c71f3b857e6acdf4db533276036ad67a2bdccc27fb34c2bd2",
    "https://esm.sh/is-retry-allowed@2.2.0?target=denonext": "dbc818ccf5ef0c584a0ccd4302a33ebf0e3a26bfdde51257ff21f4beecc1aa89",
    "https://esm.sh/lower-case@2.0.2/denonext/lower-case.mjs": "6b13b46b6d3b6c16953284ca463446338fe6c821ae8bff017579fa328aac5d9b",
    "https://esm.sh/lower-case@2.0.2?target=denonext": "634673bdc1cd48f91f23001b0c3161c6098ac21acc79c0c4d3aa5c7f1fbdcc37",
    "https://esm.sh/mime-db@1.52.0/denonext/mime-db.mjs": "f93feb3d7150014b71bd0d06c5bd819db56a089b31b8b79a3b0466bb37ef005e",
    "https://esm.sh/mime-types@2.1.35/denonext/mime-types.mjs": "704bdb318816fe1360c90a196f7cb3ba6e25fe207707cc2df873f890ad2e5f44",
    "https://esm.sh/mime-types@2.1.35?target=denonext": "e4cc9a1aabecc1be22d194375ec3b99cc9d51700cc4629ab689975451c0a8ce5",
    "https://esm.sh/ms@2.1.3/denonext/ms.mjs": "9039464da1f4ae1c2042742d335c82556c048bbe49449b5d0cd5198193afa147",
    "https://esm.sh/ms@2.1.3?target=denonext": "36f5aa7503ff0ff44ce9e3155a60362d8d3ae5db8db048be5764a3a515b6a263",
    "https://esm.sh/no-case@3.0.4/denonext/no-case.mjs": "a67c129d362a85f481b85fc6a242b7cb9286575e29e067fcda5ba429af532723",
    "https://esm.sh/no-case@3.0.4?target=denonext": "dd7b2233a6e62838faff43dde82148e40439105ee4f5735c5eace141d40fa0e9",
    "https://esm.sh/pascal-case@3.1.2/denonext/pascal-case.mjs": "7244a07b9592af1b22bff5c3515b3a4fcbda31750ed0a062fb992f4d0d716f67",
    "https://esm.sh/pascal-case@3.1.2?target=denonext": "9b715a9d06f075f566a38476a1de71d878bb23eccf2011c98c2db1e840dcffbd",
    "https://esm.sh/proxy-from-env@1.1.0/denonext/proxy-from-env.mjs": "f60f9c79fc3baa07c13c800798d645ae70d1b2059b8d593dcd4f8c5710b50333",
    "https://esm.sh/proxy-from-env@1.1.0?target=denonext": "bf02a050a1a6aa56ddba25dbea2c355da294630e5c5520fddea4b2f30a9292bc",
    "https://esm.sh/runtypes@6.7.0/denonext/runtypes.mjs": "3aaa5f224add4ac564075090f27de5c1a8932204b0e0bff2708855d8f917c236",
    "https://esm.sh/runtypes@6.7.0?target=denonext": "32bd0f1ee18a97d603e806dbe25d8a354ff1b34fe310042bf826482a7faa1319",
    "https://esm.sh/snake-case@3.0.4/denonext/snake-case.mjs": "16e53b9f3dcb9ae2a5a3cd70e3e5d53a51a735b88dda1cf9e9bdcc6905d9bccc",
    "https://esm.sh/snake-case@3.0.4?target=denonext": "3b21e3a3de363776168f7ff0731bff995272d55326199560a55e2a9eb74621b9",
    "https://esm.sh/supports-color@10.0.0/denonext/supports-color.mjs": "239cd39d0828e1a018dee102748da869b1b75c38fe6a9c0c8f0bd4ffbd3e1ea1",
    "https://esm.sh/supports-color@10.0.0?target=denonext": "4895255248e4ba0cbcce9437003dccf3658b1ac1d1e8eba5225fb8194c454ee1",
    "https://esm.sh/ts-custom-error@3.3.1/denonext/ts-custom-error.mjs": "59f0120f084b83497254274ef36c70f6249f242789050e3e7e9522a2fc5136b6",
    "https://esm.sh/ts-custom-error@3.3.1?target=denonext": "f246f13848dc3ac31e7efc6f4e88cd5b153a2fe5f40de56750f21a662e56b826",
    "https://esm.sh/tslib@2.8.1/denonext/tslib.mjs": "ebce3cd5facb654623020337f867b426ba95f71596ba87acc9e6c6f4e55905ca",
    "https://esm.sh/tslib@2.8.1?target=denonext": "a89cbf082a0ad54e87ea85d75e6d5492b3e2ff0c5de9e3e478206a015b3f3992",
    "https://esm.sh/upper-case-first@2.0.2/denonext/upper-case-first.mjs": "163630b0ac72a49e3929730106b8403540b7d4e91c9cef323b510c2ec01019ce",
    "https://esm.sh/upper-case-first@2.0.2?target=denonext": "3cc3f105c86dfd6149bfec74b827860a429eac25ab95d654047e937c579c718d",
    "https://esm.sh/uuid@9.0.1/denonext/uuid.mjs": "25ffc9943d4b3691671de82d30c147ecfa2a8fae6f4319db28dadb0dacc19450",
    "https://esm.sh/uuid@9.0.1?target=denonext": "11c38693969f62a617de5ceee47ddc29ae892ae81491378a933436788fad3c8b"
  },
  "workspace": {
    "dependencies": [
      "npm:@doist/todoist-api-typescript@6.1.10"
    ]
  }
}
